schema: '2.0'
stages:
  validate_dataset:
    cmd: '".\training\.venv\Scripts\python.exe" training\scripts\validate_dataset.py'
    deps:
    - path: training/clips
      hash: md5
      md5: c178630963801bd152c50a24454687d5.dir
      size: 1044560433
      nfiles: 2330
    - path: training/labels.csv
      hash: md5
      md5: 3fb07ec5fe530a2cc4a32e1ca45b17c7
      size: 2253
    - path: training/scripts/validate_dataset.py
      hash: md5
      md5: 4ce3696c33d84f887e0b10563546e6cd
      size: 5532
    - path: training/test.csv
      hash: md5
      md5: 7268285eb314cce19ccac02bb977228d
      size: 14755
    - path: training/train.csv
      hash: md5
      md5: d1c2e7b570709c79e067060b5b9dbf4f
      size: 67979
    params:
      training/config.json:
        labels:
        - YES
        - NO
        - DEAF
        - THANK YOU
        - SLOW
        - DON’T UNDERSTAND
        - MARRIAGE LICENSE
        - BARANGAY CLEARANCE
        - CERTIFICATE OF INDIGENCY
        - CERTIFICATE OF RESIDENCY
        - CEDULA
        - BLOTTER REPORT
        - AYUDA
        - NO_SIGN
        paths.labels_csv: labels.csv
        paths.test_csv: test.csv
        paths.train_csv: train.csv
        paths.video_base: clips
    outs:
    - path: training/artifacts/baseline-v5/dataset_report.json
      hash: md5
      md5: e9e780af203f21dea4fa8b45f4fc5de0
      size: 2041
  build_splits:
    cmd: '".\training\.venv\Scripts\python.exe" training\scripts\build_splits.py'
    deps:
    - path: training/artifacts/baseline-v5/dataset_report.json
      hash: md5
      md5: e9e780af203f21dea4fa8b45f4fc5de0
      size: 2041
    - path: training/scripts/build_splits.py
      hash: md5
      md5: e543448f640528a6014cb2e50d297373
      size: 4549
    - path: training/test.csv
      hash: md5
      md5: 7268285eb314cce19ccac02bb977228d
      size: 14755
    - path: training/train.csv
      hash: md5
      md5: d1c2e7b570709c79e067060b5b9dbf4f
      size: 67979
    params:
      training/config.json:
        labels:
        - YES
        - NO
        - DEAF
        - THANK YOU
        - SLOW
        - DON’T UNDERSTAND
        - MARRIAGE LICENSE
        - BARANGAY CLEARANCE
        - CERTIFICATE OF INDIGENCY
        - CERTIFICATE OF RESIDENCY
        - CEDULA
        - BLOTTER REPORT
        - AYUDA
        - NO_SIGN
        paths.test_csv: test.csv
        paths.train_csv: train.csv
        paths.video_base: clips
        random_seed: 42
        split_ratios:
          train: 0.7
          validation: 0.15
          test: 0.15
    outs:
    - path: training/artifacts/baseline-v5/split_report.json
      hash: md5
      md5: 7cad272b717f1b546414733c881f325f
      size: 1738
    - path: training/artifacts/baseline-v5/splits
      hash: md5
      md5: bdcd43439dde70f665c56050aca10235.dir
      size: 14936
      nfiles: 3
  extract_landmarks:
    cmd: '".\training\.venv\Scripts\python.exe" training\scripts\extract_landmarks.py'
    deps:
    - path: training/artifacts/baseline-v5/splits
      hash: md5
      md5: bdcd43439dde70f665c56050aca10235.dir
      size: 14936
      nfiles: 3
    - path: training/clips
      hash: md5
      md5: c178630963801bd152c50a24454687d5.dir
      size: 1044560433
      nfiles: 2330
    - path: training/models/hand_landmarker.task
      hash: md5
      md5: 15318430ea3851670fe9914116a9cfad
      size: 7819105
    - path: training/scripts/extract_landmarks.py
      hash: md5
      md5: 296d8dcdde6d713f5cbd010e7ec50a30
      size: 8950
    params:
      training/config.json:
        feature_count: 128
        hand_landmarker:
          num_hands: 2
          min_hand_detection_confidence: 0.4
          min_hand_presence_confidence: 0.4
          min_tracking_confidence: 0.4
        labels:
        - YES
        - NO
        - DEAF
        - THANK YOU
        - SLOW
        - DON’T UNDERSTAND
        - MARRIAGE LICENSE
        - BARANGAY CLEARANCE
        - CERTIFICATE OF INDIGENCY
        - CERTIFICATE OF RESIDENCY
        - CEDULA
        - BLOTTER REPORT
        - AYUDA
        - NO_SIGN
        paths.hand_landmarker_model: models/hand_landmarker.task
        sequence_length: 40
        temporal_crop:
          start_ratio: 0.15
          end_ratio: 0.85
        version: baseline-v5
    outs:
    - path: training/cache/baseline-v5
      hash: md5
      md5: ad0a71efef6ec4c5f114e46d4ffc894f.dir
      size: 2032486
      nfiles: 7
  train_model:
    cmd: '".\training\.venv\Scripts\python.exe" training\scripts\train_model.py'
    deps:
    - path: training/cache/baseline-v5/train.npz
      hash: md5
      md5: 45ffda7e5f8d78484b92db4d5c95928d
      size: 1416993
    - path: training/cache/baseline-v5/validation.npz
      hash: md5
      md5: 086860fbcd2357472cdd4f3c807b2179
      size: 269322
    - path: training/scripts/train_model.py
      hash: md5
      md5: c9c8dad3ebe6189fc0414ad6b90d7eaa
      size: 4272
    params:
      training/config.json:
        feature_count: 128
        labels:
        - YES
        - NO
        - DEAF
        - THANK YOU
        - SLOW
        - DON’T UNDERSTAND
        - MARRIAGE LICENSE
        - BARANGAY CLEARANCE
        - CERTIFICATE OF INDIGENCY
        - CERTIFICATE OF RESIDENCY
        - CEDULA
        - BLOTTER REPORT
        - AYUDA
        - NO_SIGN
        random_seed: 42
        sequence_length: 40
        training:
          epochs: 100
          batch_size: 16
          learning_rate: 0.001
          early_stopping_patience: 15
        version: baseline-v5
    outs:
    - path: training/artifacts/baseline-v5/model
      hash: md5
      md5: 5ffe714446f57e82034b7247c7a9353d.dir
      size: 1740670
      nfiles: 5
  evaluate_model:
    cmd: '".\training\.venv\Scripts\python.exe" training\scripts\evaluate_model.py'
    deps:
    - path: training/artifacts/baseline-v5/model/best.keras
      hash: md5
      md5: 78920f5eff0a4c3b648e08d0a3c7bdc2
      size: 866121
    - path: training/cache/baseline-v5/test.npz
      hash: md5
      md5: a479cdfb848d5cb8177488449b265ea9
      size: 308199
    - path: training/scripts/evaluate_model.py
      hash: md5
      md5: c4cb175aa46641ffadce139544daddae
      size: 3681
    params:
      training/config.json:
        labels:
        - YES
        - NO
        - DEAF
        - THANK YOU
        - SLOW
        - DON’T UNDERSTAND
        - MARRIAGE LICENSE
        - BARANGAY CLEARANCE
        - CERTIFICATE OF INDIGENCY
        - CERTIFICATE OF RESIDENCY
        - CEDULA
        - BLOTTER REPORT
        - AYUDA
        - NO_SIGN
    outs:
    - path: training/artifacts/baseline-v5/evaluation/confusion_matrix.png
      hash: md5
      md5: 1668f789fff2092ed17df3f4db07d841
      size: 176140
    - path: training/artifacts/baseline-v5/evaluation/metrics.json
      hash: md5
      md5: 0cf57105878fb5df8686f6458f2fa851
      size: 2408
    - path: training/artifacts/baseline-v5/evaluation/predictions.npz
      hash: md5
      md5: d38b72371a08251bb14efcf6c1c19b86
      size: 2698
