schema: '2.0'
stages:
  validate_dataset:
    cmd: '".\training\.venv\Scripts\python.exe" training\scripts\validate_dataset.py'
    deps:
    - path: training/clips
      hash: md5
      md5: 039958b0abbb79cd726153afa0ca11a9.dir
      size: 2347235642
      nfiles: 2531
    - path: training/labels.csv
      hash: md5
      md5: 3c56ff30924e59bd41335a3a85ce0c30
      size: 2309
    - path: training/scripts/validate_dataset.py
      hash: md5
      md5: 4ce3696c33d84f887e0b10563546e6cd
      size: 5532
    - path: training/test.csv
      hash: md5
      md5: 7268285eb314cce19ccac02bb977228d
      size: 14755
    - path: training/train.csv
      hash: md5
      md5: a6db7cdef3d28d30aacbc0bf1e1f949d
      size: 80540
    params:
      training/config.json:
        labels:
        - YES
        - NO
        - DEAF
        - THANK YOU
        - SLOW
        - DON’T UNDERSTAND
        - MARRIAGE LICENSE
        - BARANGAY CLEARANCE
        - CERTIFICATE OF INDIGENCY
        - CERTIFICATE OF RESIDENCY
        - CEDULA
        - BLOTTER REPORT
        - AYUDA
        - DRIVERS LICENSE
        - LAND DEED
        - NO_SIGN
        paths.labels_csv: labels.csv
        paths.test_csv: test.csv
        paths.train_csv: train.csv
        paths.video_base: clips
    outs:
    - path: training/artifacts/baseline-v6/dataset_report.json
      hash: md5
      md5: 51d24d593e5a1a32be8f4e6f7948c229
      size: 2156
  build_splits:
    cmd: '".\training\.venv\Scripts\python.exe" training\scripts\build_splits.py'
    deps:
    - path: training/artifacts/baseline-v6/dataset_report.json
      hash: md5
      md5: 51d24d593e5a1a32be8f4e6f7948c229
      size: 2156
    - path: training/scripts/build_splits.py
      hash: md5
      md5: e45ccc0d98d313ba7da82feca00c3767
      size: 5353
    - path: training/test.csv
      hash: md5
      md5: 7268285eb314cce19ccac02bb977228d
      size: 14755
    - path: training/train.csv
      hash: md5
      md5: a6db7cdef3d28d30aacbc0bf1e1f949d
      size: 80540
    params:
      training/config.json:
        labels:
        - YES
        - NO
        - DEAF
        - THANK YOU
        - SLOW
        - DON’T UNDERSTAND
        - MARRIAGE LICENSE
        - BARANGAY CLEARANCE
        - CERTIFICATE OF INDIGENCY
        - CERTIFICATE OF RESIDENCY
        - CEDULA
        - BLOTTER REPORT
        - AYUDA
        - DRIVERS LICENSE
        - LAND DEED
        - NO_SIGN
        paths.test_csv: test.csv
        paths.train_csv: train.csv
        paths.video_base: clips
        random_seed: 42
        split_ratios:
          train: 0.7
          validation: 0.15
          test: 0.15
    outs:
    - path: training/artifacts/baseline-v6/split_report.json
      hash: md5
      md5: 08145c171265d5e2c52096bfbf49fb37
      size: 16799
    - path: training/artifacts/baseline-v6/splits
      hash: md5
      md5: 00a4b37c75d0cfbea668db9d6f5d21a2.dir
      size: 21833
      nfiles: 3
  extract_landmarks:
    cmd: '".\training\.venv\Scripts\python.exe" training\scripts\extract_landmarks.py'
    deps:
    - path: training/artifacts/baseline-v6/splits
      hash: md5
      md5: 00a4b37c75d0cfbea668db9d6f5d21a2.dir
      size: 21833
      nfiles: 3
    - path: training/clips
      hash: md5
      md5: 039958b0abbb79cd726153afa0ca11a9.dir
      size: 2347235642
      nfiles: 2531
    - path: training/models/hand_landmarker.task
      hash: md5
      md5: 15318430ea3851670fe9914116a9cfad
      size: 7819105
    - path: training/scripts/extract_landmarks.py
      hash: md5
      md5: 296d8dcdde6d713f5cbd010e7ec50a30
      size: 8950
    params:
      training/config.json:
        feature_count: 128
        hand_landmarker:
          num_hands: 2
          min_hand_detection_confidence: 0.4
          min_hand_presence_confidence: 0.4
          min_tracking_confidence: 0.4
        labels:
        - YES
        - NO
        - DEAF
        - THANK YOU
        - SLOW
        - DON’T UNDERSTAND
        - MARRIAGE LICENSE
        - BARANGAY CLEARANCE
        - CERTIFICATE OF INDIGENCY
        - CERTIFICATE OF RESIDENCY
        - CEDULA
        - BLOTTER REPORT
        - AYUDA
        - DRIVERS LICENSE
        - LAND DEED
        - NO_SIGN
        paths.hand_landmarker_model: models/hand_landmarker.task
        sequence_length: 40
        temporal_crop:
          start_ratio: 0.15
          end_ratio: 0.85
        version: baseline-v6
    outs:
    - path: training/cache/baseline-v6
      hash: md5
      md5: 1d337d382f59105fc65429f9449a21b9.dir
      size: 1252704
      nfiles: 7
  train_model:
    cmd: '".\training\.venv\Scripts\python.exe" training\scripts\train_model.py'
    deps:
    - path: training/cache/baseline-v6/train.npz
      hash: md5
      md5: df32b96fa6470e5658b9ebcd6a0a83a3
      size: 830684
    - path: training/cache/baseline-v6/validation.npz
      hash: md5
      md5: ba6bb92932249dd2a2345f484beeac6b
      size: 200267
    - path: training/scripts/train_model.py
      hash: md5
      md5: c9c8dad3ebe6189fc0414ad6b90d7eaa
      size: 4272
    params:
      training/config.json:
        feature_count: 128
        labels:
        - YES
        - NO
        - DEAF
        - THANK YOU
        - SLOW
        - DON’T UNDERSTAND
        - MARRIAGE LICENSE
        - BARANGAY CLEARANCE
        - CERTIFICATE OF INDIGENCY
        - CERTIFICATE OF RESIDENCY
        - CEDULA
        - BLOTTER REPORT
        - AYUDA
        - DRIVERS LICENSE
        - LAND DEED
        - NO_SIGN
        random_seed: 42
        sequence_length: 40
        training:
          epochs: 100
          batch_size: 16
          learning_rate: 0.001
          early_stopping_patience: 15
        version: baseline-v6
    outs:
    - path: training/artifacts/baseline-v6/model
      hash: md5
      md5: 16fc90fd546ff00202ba7f855ffc79ae.dir
      size: 1746638
      nfiles: 5
  evaluate_model:
    cmd: '".\training\.venv\Scripts\python.exe" training\scripts\evaluate_model.py'
    deps:
    - path: training/artifacts/baseline-v6/model/best.keras
      hash: md5
      md5: e8a8544ffdc72695d4df3b11560056cd
      size: 867681
    - path: training/cache/baseline-v6/test.npz
      hash: md5
      md5: 94e0d5acce37f9f2a6206c56423053be
      size: 196878
    - path: training/scripts/evaluate_model.py
      hash: md5
      md5: c4cb175aa46641ffadce139544daddae
      size: 3681
    params:
      training/config.json:
        labels:
        - YES
        - NO
        - DEAF
        - THANK YOU
        - SLOW
        - DON’T UNDERSTAND
        - MARRIAGE LICENSE
        - BARANGAY CLEARANCE
        - CERTIFICATE OF INDIGENCY
        - CERTIFICATE OF RESIDENCY
        - CEDULA
        - BLOTTER REPORT
        - AYUDA
        - DRIVERS LICENSE
        - LAND DEED
        - NO_SIGN
    outs:
    - path: training/artifacts/baseline-v6/evaluation/confusion_matrix.png
      hash: md5
      md5: 183e4d02f1456e4a7986a99b0c9b0e4c
      size: 204618
    - path: training/artifacts/baseline-v6/evaluation/metrics.json
      hash: md5
      md5: b5dd43bd3b40e46b5fcd4bb89378c715
      size: 2853
    - path: training/artifacts/baseline-v6/evaluation/predictions.npz
      hash: md5
      md5: 5617ab9216be3bb0a2ddfed64d23bc52
      size: 2496
